{
  "name": "score-frontend",
  "lockfileVersion": 3,
  "requires": true,
  "packages": {
    "": {
      "dependencies": {
        "lucide": "^0.536.0"
      }
    },
    "node_modules/lucide": {
      "version": "0.536.0",
      "resolved": "https://registry.npmjs.org/lucide/-/lucide-0.536.0.tgz",
      "integrity": "sha512-BmwmMcTpPcyW2fsF8psFg+/5/xQkSvJ7eSt223hzUSmITfxhfEc7gg16ivWz97cAPMzVSmhkQ2Uj5kN2xOnUeQ==",
      "license": "ISC"
    }
  }
}
